
Microsoft Visual Studio Solution File, Format Version 12.00
# Visual Studio 15
VisualStudioVersion = 15.0.28307.329
MinimumVisualStudioVersion = 10.0.40219.1
Project("{FAE04EC0-301F-11D3-BF4B-00C04F79EFBC}") = "JWTAuthentication.WebApi", "JWTAuthenticationWeb\JWTAuthentication.WebApi.csproj", "{C262DDD8-6017-42D5-A278-B08CBFA2D792}"
EndProject
Project("{FAE04EC0-301F-11D3-BF4B-00C04F79EFBC}") = "JWTAuthentication.Service", "JWTAuthentication.Service\JWTAuthentication.Service.csproj", "{2DDC265A-DB28-45E0-A6FA-0A7AB4AA7C8D}"
EndProject
Project("{FAE04EC0-301F-11D3-BF4B-00C04F79EFBC}") = "JWTAuthentication.Model", "JWTAuthentication.Model\JWTAuthentication.Model.csproj", "{4BE95CEB-3D6E-4A72-9AAF-AF2DEF1550DE}"
EndProject
Project("{FAE04EC0-301F-11D3-BF4B-00C04F79EFBC}") = "JWTAuthentication.Repository", "JWTAuthentication.Repository\JWTAuthentication.Repository.csproj", "{FC6DD41B-D338-4292-9FE7-C6501E524567}"
EndProject
Project("{FAE04EC0-301F-11D3-BF4B-00C04F79EFBC}") = "JWTAuthentication.DataAccess", "JWTAuthentication.DataAccess\JWTAuthentication.DataAccess.csproj", "{7E9D728C-3EB8-4C0E-B500-921D4FAA439A}"
EndProject
Global
	GlobalSection(SolutionConfigurationPlatforms) = preSolution
		Debug|Any CPU = Debug|Any CPU
		Release|Any CPU = Release|Any CPU
	EndGlobalSection
	GlobalSection(ProjectConfigurationPlatforms) = postSolution
		{C262DDD8-6017-42D5-A278-B08CBFA2D792}.Debug|Any CPU.ActiveCfg = Debug|Any CPU
		{C262DDD8-6017-42D5-A278-B08CBFA2D792}.Debug|Any CPU.Build.0 = Debug|Any CPU
		{C262DDD8-6017-42D5-A278-B08CBFA2D792}.Release|Any CPU.ActiveCfg = Release|Any CPU
		{C262DDD8-6017-42D5-A278-B08CBFA2D792}.Release|Any CPU.Build.0 = Release|Any CPU
		{2DDC265A-DB28-45E0-A6FA-0A7AB4AA7C8D}.Debug|Any CPU.ActiveCfg = Debug|Any CPU
		{2DDC265A-DB28-45E0-A6FA-0A7AB4AA7C8D}.Debug|Any CPU.Build.0 = Debug|Any CPU
		{2DDC265A-DB28-45E0-A6FA-0A7AB4AA7C8D}.Release|Any CPU.ActiveCfg = Release|Any CPU
		{2DDC265A-DB28-45E0-A6FA-0A7AB4AA7C8D}.Release|Any CPU.Build.0 = Release|Any CPU
		{4BE95CEB-3D6E-4A72-9AAF-AF2DEF1550DE}.Debug|Any CPU.ActiveCfg = Debug|Any CPU
		{4BE95CEB-3D6E-4A72-9AAF-AF2DEF1550DE}.Debug|Any CPU.Build.0 = Debug|Any CPU
		{4BE95CEB-3D6E-4A72-9AAF-AF2DEF1550DE}.Release|Any CPU.ActiveCfg = Release|Any CPU
		{4BE95CEB-3D6E-4A72-9AAF-AF2DEF1550DE}.Release|Any CPU.Build.0 = Release|Any CPU
		{FC6DD41B-D338-4292-9FE7-C6501E524567}.Debug|Any CPU.ActiveCfg = Debug|Any CPU
		{FC6DD41B-D338-4292-9FE7-C6501E524567}.Debug|Any CPU.Build.0 = Debug|Any CPU
		{FC6DD41B-D338-4292-9FE7-C6501E524567}.Release|Any CPU.ActiveCfg = Release|Any CPU
		{FC6DD41B-D338-4292-9FE7-C6501E524567}.Release|Any CPU.Build.0 = Release|Any CPU
		{7E9D728C-3EB8-4C0E-B500-921D4FAA439A}.Debug|Any CPU.ActiveCfg = Debug|Any CPU
		{7E9D728C-3EB8-4C0E-B500-921D4FAA439A}.Debug|Any CPU.Build.0 = Debug|Any CPU
		{7E9D728C-3EB8-4C0E-B500-921D4FAA439A}.Release|Any CPU.ActiveCfg = Release|Any CPU
		{7E9D728C-3EB8-4C0E-B500-921D4FAA439A}.Release|Any CPU.Build.0 = Release|Any CPU
	EndGlobalSection
	GlobalSection(SolutionProperties) = preSolution
		HideSolutionNode = FALSE
	EndGlobalSection
	GlobalSection(ExtensibilityGlobals) = postSolution
		SolutionGuid = {C395B785-AC28-4FDF-9EE0-2459DC618D24}
	EndGlobalSection
EndGlobal
